
Microsoft Visual Studio Solution File, Format Version 12.00
# Visual Studio Version 17
VisualStudioVersion = 17.0.10701.2001
MinimumVisualStudioVersion = 10.0.40219.1
Project("{9A19103F-16F7-4668-BE54-9A1E7A4F7556}") = "Annotations", "Annotations\Annotations\Annotations.csproj", "{70D0858E-DEF6-41D9-8F18-A30C1C66B5B6}"
EndProject
Project("{9A19103F-16F7-4668-BE54-9A1E7A4F7556}") = "InkAnnotations", "Annotations\InkAnnotations\InkAnnotations.csproj", "{85392A1D-95F6-4E95-89A6-D50CAC22B70F}"
EndProject
Project("{9A19103F-16F7-4668-BE54-9A1E7A4F7556}") = "LinkAnnotation", "Annotations\LinkAnnotation\LinkAnnotation.csproj", "{929D1A6E-641E-4AE2-8EB6-F4E194FCEFCC}"
EndProject
Project("{9A19103F-16F7-4668-BE54-9A1E7A4F7556}") = "PolygonAnnotations", "Annotations\PolygonAnnotations\PolygonAnnotations.csproj", "{124DF6A7-98CE-4862-86D3-4FBA936D11F8}"
EndProject
Project("{9A19103F-16F7-4668-BE54-9A1E7A4F7556}") = "PolyLineAnnotations", "Annotations\PolyLineAnnotations\PolyLineAnnotations.csproj", "{097EEFF1-D124-4927-B794-0BC5BAD3F93A}"
EndProject
Project("{9A19103F-16F7-4668-BE54-9A1E7A4F7556}") = "AddElements", "ContentCreation\AddElements\AddElements.csproj", "{8F50BD3F-01E5-4E4E-BD99-ED19C5A0CEED}"
EndProject
Project("{9A19103F-16F7-4668-BE54-9A1E7A4F7556}") = "AddHeaderFooter", "ContentCreation\AddHeaderFooter\AddHeaderFooter.csproj", "{B2C75915-AC3C-4C6B-AC21-5DEB29A61EBE}"
EndProject
Project("{9A19103F-16F7-4668-BE54-9A1E7A4F7556}") = "Clips", "ContentCreation\Clips\Clips.csproj", "{7B46D008-F834-4F19-B829-1AAA96429D46}"
EndProject
Project("{9A19103F-16F7-4668-BE54-9A1E7A4F7556}") = "CreateBookmarks", "ContentCreation\CreateBookmarks\CreateBookmarks.csproj", "{47C15495-C8BB-4F3C-8BF0-CAE981FF39C1}"
EndProject
Project("{9A19103F-16F7-4668-BE54-9A1E7A4F7556}") = "GradientShade", "ContentCreation\GradientShade\GradientShade.csproj", "{92B39A4D-AA53-40BF-9D6E-C48752636A98}"
EndProject
Project("{9A19103F-16F7-4668-BE54-9A1E7A4F7556}") = "MakeDocWithCalGrayColorSpace", "ContentCreation\MakeDocWithCalGrayColorSpace\MakeDocWithCalGrayColorSpace.csproj", "{B6277850-0D01-4337-A3B3-2359CA983425}"
EndProject
Project("{9A19103F-16F7-4668-BE54-9A1E7A4F7556}") = "MakeDocWithCalRGBColorSpace", "ContentCreation\MakeDocWithCalRGBColorSpace\MakeDocWithCalRGBColorSpace.csproj", "{46577253-E6E8-4468-BAAE-9B4041E02591}"
EndProject
Project("{9A19103F-16F7-4668-BE54-9A1E7A4F7556}") = "MakeDocWithDeviceNColorSpace", "ContentCreation\MakeDocWithDeviceNColorSpace\MakeDocWithDeviceNColorSpace.csproj", "{EEE2B449-3827-4D13-934E-475E786C4330}"
EndProject
Project("{9A19103F-16F7-4668-BE54-9A1E7A4F7556}") = "MakeDocWithICCBasedColorSpace", "ContentCreation\MakeDocWithICCBasedColorSpace\MakeDocWithICCBasedColorSpace.csproj", "{311B6C5C-FFB3-4492-ADC0-CB28C21EB9E3}"
EndProject
Project("{9A19103F-16F7-4668-BE54-9A1E7A4F7556}") = "MakeDocWithIndexedColorSpace", "ContentCreation\MakeDocWithIndexedColorSpace\MakeDocWithIndexedColorSpace.csproj", "{DF4E1A82-6988-4D3F-87F8-9710D2BFEB61}"
EndProject
Project("{9A19103F-16F7-4668-BE54-9A1E7A4F7556}") = "MakeDocWithLabColorSpace", "ContentCreation\MakeDocWithLabColorSpace\MakeDocWithLabColorSpace.csproj", "{83B6C4DA-5BA8-4F2D-B08B-A8FAD55A64E5}"
EndProject
Project("{9A19103F-16F7-4668-BE54-9A1E7A4F7556}") = "MakeDocWithSeparationColorSpace", "ContentCreation\MakeDocWithSeparationColorSpace\MakeDocWithSeparationColorSpace.csproj", "{BA2A4C8A-AFAE-4A9B-87BE-0141ACD8FE1B}"
EndProject
Project("{9A19103F-16F7-4668-BE54-9A1E7A4F7556}") = "NameTrees", "ContentCreation\NameTrees\NameTrees.csproj", "{658F424E-8EBB-4650-BB36-F00B2CA181D4}"
EndProject
Project("{9A19103F-16F7-4668-BE54-9A1E7A4F7556}") = "NumberTrees", "ContentCreation\NumberTrees\NumberTrees.csproj", "{4E3888ED-6A86-42A6-B854-9D56C488D546}"
EndProject
Project("{9A19103F-16F7-4668-BE54-9A1E7A4F7556}") = "RemoteGoToActions", "ContentCreation\RemoteGoToActions\RemoteGoToActions.csproj", "{D8BC645E-085C-423B-BAE2-19ABCC2D9918}"
EndProject
Project("{9A19103F-16F7-4668-BE54-9A1E7A4F7556}") = "WriteNChannelTiff", "ContentCreation\WriteNChannelTiff\WriteNChannelTiff.csproj", "{7DE6ABAD-E2C6-4E23-A200-5A28439DCBAC}"
EndProject
Project("{9A19103F-16F7-4668-BE54-9A1E7A4F7556}") = "Action", "ContentModification\Action\Action.csproj", "{4BA13F71-A2ED-4ABF-92D1-606EAD20EEBE}"
EndProject
Project("{9A19103F-16F7-4668-BE54-9A1E7A4F7556}") = "AddCollection", "ContentModification\AddCollection\AddCollection.csproj", "{DBBFEFE5-F09A-48A9-ADFB-F60606E9F8C6}"
EndProject
Project("{9A19103F-16F7-4668-BE54-9A1E7A4F7556}") = "ChangeLayerConfiguration", "ContentModification\ChangeLayerConfiguration\ChangeLayerConfiguration.csproj", "{61EA2796-5622-423B-B304-A429A4336E11}"
EndProject
Project("{9A19103F-16F7-4668-BE54-9A1E7A4F7556}") = "ChangeLinkColors", "ContentModification\ChangeLinkColors\ChangeLinkColors.csproj", "{FBFB1CD8-2F73-4BA3-9F57-AE795965D9F9}"
EndProject
Project("{9A19103F-16F7-4668-BE54-9A1E7A4F7556}") = "CreateLayer", "ContentModification\CreateLayer\CreateLayer.csproj", "{7C27292E-FD2C-48DB-8BE0-FCF1C3BE260A}"
EndProject
Project("{9A19103F-16F7-4668-BE54-9A1E7A4F7556}") = "ExtendedGraphicStates", "ContentModification\ExtendedGraphicStates\ExtendedGraphicStates.csproj", "{E005F9F2-ACD1-4B16-B933-73A0F0244E9C}"
EndProject
Project("{9A19103F-16F7-4668-BE54-9A1E7A4F7556}") = "FlattenTransparency", "ContentModification\FlattenTransparency\FlattenTransparency.csproj", "{6EAFCF98-5579-4577-88CD-31FDDF84C311}"
EndProject
Project("{9A19103F-16F7-4668-BE54-9A1E7A4F7556}") = "LaunchActions", "ContentModification\LaunchActions\LaunchActions.csproj", "{485BBE7A-AE3E-46F1-B690-0BC9583AA41F}"
EndProject
Project("{9A19103F-16F7-4668-BE54-9A1E7A4F7556}") = "MergePDF", "ContentModification\MergePDF\MergePDF.csproj", "{DBE3691D-706A-4717-BB93-E5010B23DDCC}"
EndProject
Project("{9A19103F-16F7-4668-BE54-9A1E7A4F7556}") = "PageLabels", "ContentModification\PageLabels\PageLabels.csproj", "{2DBC97D4-B1D3-4028-B7DE-B3B4852E977B}"
EndProject
Project("{9A19103F-16F7-4668-BE54-9A1E7A4F7556}") = "PDFObject", "ContentModification\PDFObject\PDFObject.csproj", "{49405E3F-CCA7-4098-8E6A-78F631BB3EE6}"
EndProject
Project("{9A19103F-16F7-4668-BE54-9A1E7A4F7556}") = "UnderlinesAndHighlights", "ContentModification\UnderlinesAndHighlights\UnderlinesAndHighlights.csproj", "{067742C0-BEE9-4A57-ADA7-1CCF619C541C}"
EndProject
Project("{9A19103F-16F7-4668-BE54-9A1E7A4F7556}") = "Watermark", "ContentModification\Watermark\Watermark.csproj", "{475E7F61-D268-4C1D-9291-0C4C0039834B}"
EndProject
Project("{9A19103F-16F7-4668-BE54-9A1E7A4F7556}") = "DisplayPDF", "Display\DisplayPDF\DisplayPDF.csproj", "{C623DE51-BE5C-4500-9E29-0443A0C46DE9}"
EndProject
Project("{9A19103F-16F7-4668-BE54-9A1E7A4F7556}") = "ColorConvertDocument", "DocumentConversion\ColorConvertDocument\ColorConvertDocument.csproj", "{C94C86B3-EBB4-4A7B-975A-89C64E60726E}"
EndProject
Project("{9A19103F-16F7-4668-BE54-9A1E7A4F7556}") = "CreateDocFromXPS", "DocumentConversion\CreateDocFromXPS\CreateDocFromXPS.csproj", "{AC8530CE-DE2A-4DD5-AA2B-9046DDF9970E}"
EndProject
Project("{9A19103F-16F7-4668-BE54-9A1E7A4F7556}") = "PDFAConverter", "DocumentConversion\PDFAConverter\PDFAConverter.csproj", "{F57664D6-D196-407B-9C33-190972D65666}"
EndProject
Project("{9A19103F-16F7-4668-BE54-9A1E7A4F7556}") = "PDFXConverter", "DocumentConversion\PDFXConverter\PDFXConverter.csproj", "{4CC367B0-C153-4F09-841E-104782D495E0}"
EndProject
Project("{9A19103F-16F7-4668-BE54-9A1E7A4F7556}") = "ZUGFeRDConverter", "DocumentConversion\ZUGFeRDConverter\ZUGFeRDConverter.csproj", "{5157060A-160B-4AE1-823C-3AFBD24B5E61}"
EndProject
Project("{9A19103F-16F7-4668-BE54-9A1E7A4F7556}") = "Factur-XConverter", "DocumentConversion\Factur-XConverter\Factur-XConverter.csproj", "{1CEAA662-CA8C-42E3-A7FA-8A68F9BF5CB3}"
EndProject
Project("{9A19103F-16F7-4668-BE54-9A1E7A4F7556}") = "PDFOptimize", "DocumentOptimization\PDFOptimize\PDFOptimize.csproj", "{43A7E05A-DB54-40D7-9278-B656FAC98986}"
EndProject
Project("{9A19103F-16F7-4668-BE54-9A1E7A4F7556}") = "DocToImages", "Images\DocToImages\DocToImages.csproj", "{06C97736-9A5D-411B-B025-21CA028341B1}"
EndProject
Project("{9A19103F-16F7-4668-BE54-9A1E7A4F7556}") = "DrawSeparations", "Images\DrawSeparations\DrawSeparations.csproj", "{D3CC3B64-5CCD-4CB3-98A2-0A231A7CBA0A}"
EndProject
Project("{9A19103F-16F7-4668-BE54-9A1E7A4F7556}") = "DrawToBitmap", "Images\DrawToBitmap\DrawToBitmap.csproj", "{41C8CD9C-2396-489C-A117-A603878D9313}"
EndProject
Project("{9A19103F-16F7-4668-BE54-9A1E7A4F7556}") = "EPSSeparations", "Images\EPSSeparations\EPSSeparations.csproj", "{5A12A749-0A28-4230-B169-74CB74F0D1E2}"
EndProject
Project("{9A19103F-16F7-4668-BE54-9A1E7A4F7556}") = "GetSeparatedImages", "Images\GetSeparatedImages\GetSeparatedImages.csproj", "{CA3FB4F3-06DD-49B8-BE7C-BEEDBCB227FB}"
EndProject
Project("{9A19103F-16F7-4668-BE54-9A1E7A4F7556}") = "ImageEmbedICCProfile", "Images\ImageEmbedICCProfile\ImageEmbedICCProfile.csproj", "{2F3A9A81-2BEA-4B6D-94C2-3D4CA788EDC7}"
EndProject
Project("{9A19103F-16F7-4668-BE54-9A1E7A4F7556}") = "ImageExport", "Images\ImageExport\ImageExport.csproj", "{1B583053-24F9-4A81-81D0-9E95BAAEF46B}"
EndProject
Project("{9A19103F-16F7-4668-BE54-9A1E7A4F7556}") = "ImageExtraction", "Images\ImageExtraction\ImageExtraction.csproj", "{4C9F4323-9C8E-4394-A538-64D5A7372666}"
EndProject
Project("{9A19103F-16F7-4668-BE54-9A1E7A4F7556}") = "ImageFromStream", "Images\ImageFromStream\ImageFromStream.csproj", "{58ADDDE8-507D-407C-9D8F-AF888A45410F}"
EndProject
Project("{9A19103F-16F7-4668-BE54-9A1E7A4F7556}") = "ImageImport", "Images\ImageImport\ImageImport.csproj", "{F2E52ED2-37E7-404D-8728-9494D18FDBDA}"
EndProject
Project("{9A19103F-16F7-4668-BE54-9A1E7A4F7556}") = "ImageResampling", "Images\ImageResampling\ImageResampling.csproj", "{8BCFB9F8-498B-4E03-A330-DFC0A5538C95}"
EndProject
Project("{9A19103F-16F7-4668-BE54-9A1E7A4F7556}") = "ImageSoftMask", "Images\ImageSoftMask\ImageSoftMask.csproj", "{06699B3A-5C95-41AA-9ECF-7C1B86A5A186}"
EndProject
Project("{9A19103F-16F7-4668-BE54-9A1E7A4F7556}") = "RasterizePage", "Images\RasterizePage\RasterizePage.csproj", "{31C596AA-2358-4425-9673-663A0CE5888C}"
EndProject
Project("{9A19103F-16F7-4668-BE54-9A1E7A4F7556}") = "ListBookmarks", "InformationExtraction\ListBookmarks\ListBookmarks.csproj", "{FE7A6C54-67B0-4895-B97F-E88C2EC0FFA2}"
EndProject
Project("{9A19103F-16F7-4668-BE54-9A1E7A4F7556}") = "ListInfo", "InformationExtraction\ListInfo\ListInfo.csproj", "{DAA6CF31-A6F3-4D62-ADA2-306DB63B0E75}"
EndProject
Project("{9A19103F-16F7-4668-BE54-9A1E7A4F7556}") = "ListLayers", "InformationExtraction\ListLayers\ListLayers.csproj", "{737A2F8A-7EC7-4A73-9E3E-F484E8847C6A}"
EndProject
Project("{9A19103F-16F7-4668-BE54-9A1E7A4F7556}") = "ListPaths", "InformationExtraction\ListPaths\ListPaths.csproj", "{6ADE983A-FDD3-4227-8A72-91A6CB2CE32F}"
EndProject
Project("{9A19103F-16F7-4668-BE54-9A1E7A4F7556}") = "Metadata", "InformationExtraction\Metadata\Metadata.csproj", "{F249F2BE-115D-4416-AE6E-89EA383A412A}"
EndProject
Project("{9A19103F-16F7-4668-BE54-9A1E7A4F7556}") = "AddTextToDocument", "OpticalCharacterRecognition\AddTextToDocument\AddTextToDocument.csproj", "{541ECF0C-B1AE-4BC9-966A-0A4B9ECB3469}"
EndProject
Project("{9A19103F-16F7-4668-BE54-9A1E7A4F7556}") = "AddTextToImage", "OpticalCharacterRecognition\AddTextToImage\AddTextToImage.csproj", "{3186D460-50A7-473D-BEED-BC639E990A0D}"
EndProject
Project("{9A19103F-16F7-4668-BE54-9A1E7A4F7556}") = "MemoryFileSystem", "Other\MemoryFileSystem\MemoryFileSystem.csproj", "{A0A693BD-06F6-4392-98CA-724C25B0100C}"
EndProject
Project("{9A19103F-16F7-4668-BE54-9A1E7A4F7556}") = "StreamIO", "Other\StreamIO\StreamIO.csproj", "{26AD9F63-B8D5-4B25-B108-3725F0246722}"
EndProject
Project("{9A19103F-16F7-4668-BE54-9A1E7A4F7556}") = "PrintPDF", "Printing\PrintPDF\PrintPDF.csproj", "{9AA570A4-E393-46E1-B835-465F1BC33ED9}"
EndProject
Project("{9A19103F-16F7-4668-BE54-9A1E7A4F7556}") = "PrintPDFGUI", "Printing\PrintPDFGUI\PrintPDFGUI.csproj", "{C3796875-0BF2-4D05-8C6B-768091E698E4}"
EndProject
Project("{9A19103F-16F7-4668-BE54-9A1E7A4F7556}") = "Redactions", "Security\Redactions\Redactions.csproj", "{EE081426-9C85-4C3D-BBC7-51CE701E682E}"
EndProject
Project("{9A19103F-16F7-4668-BE54-9A1E7A4F7556}") = "AddGlyphs", "Text\AddGlyphs\AddGlyphs.csproj", "{C98FBB11-73B0-4518-99F3-27F9EC39FFF2}"
EndProject
Project("{9A19103F-16F7-4668-BE54-9A1E7A4F7556}") = "AddUnicodeText", "Text\AddUnicodeText\AddUnicodeText.csproj", "{D40FE367-B2E0-48F7-8C22-4A247AE91B52}"
EndProject
Project("{9A19103F-16F7-4668-BE54-9A1E7A4F7556}") = "AddVerticalText", "Text\AddVerticalText\AddVerticalText.csproj", "{63497BF6-14E3-46B2-98FD-EA7BAE89BBF4}"
EndProject
Project("{9A19103F-16F7-4668-BE54-9A1E7A4F7556}") = "ListWords", "Text\ListWords\ListWords.csproj", "{B9F02624-F783-4876-8A20-9F4292178884}"
EndProject
Project("{9A19103F-16F7-4668-BE54-9A1E7A4F7556}") = "TextExtract", "Text\TextExtract\TextExtract.csproj", "{22AD158D-48B2-455F-ABF8-008BC2FEE81E}"
EndProject
Project("{9A19103F-16F7-4668-BE54-9A1E7A4F7556}") = "RegexTextSearch", "Text\RegexTextSearch\RegexTextSearch.csproj", "{AA9308F1-6FAE-4E42-B69A-3C806B896E98}"
EndProject
Project("{9A19103F-16F7-4668-BE54-9A1E7A4F7556}") = "AddRegexRedaction", "Security\AddRegexRedaction\AddRegexRedaction.csproj", "{254B2FF2-428E-4357-BE09-01CCD7DD5BFF}"
EndProject
Project("{9A19103F-16F7-4668-BE54-9A1E7A4F7556}") = "RegexExtractText", "Text\RegexExtractText\RegexExtractText.csproj", "{F6CC64D1-2978-47A7-A9CE-1DDCEE93572A}"
EndProject
Project("{9A19103F-16F7-4668-BE54-9A1E7A4F7556}") = "ExtractAcroFormFieldData", "Text\ExtractAcroFormFieldData\ExtractAcroFormFieldData.csproj", "{7B1CF282-6AB6-487D-B99E-D5F3777DF23A}"
EndProject
Project("{9A19103F-16F7-4668-BE54-9A1E7A4F7556}") = "ExtractCJKTextByPatternMatch", "Text\ExtractCJKTextByPatternMatch\ExtractCJKTextByPatternMatch.csproj", "{078F94CA-CCC2-4884-9D8F-A043E9C7F220}"
EndProject
Project("{9A19103F-16F7-4668-BE54-9A1E7A4F7556}") = "ExtractTextByPatternMatch", "Text\ExtractTextByPatternMatch\ExtractTextByPatternMatch.csproj", "{1E4D3C7D-5C51-4559-8FEA-503A6084945C}"
EndProject
Project("{9A19103F-16F7-4668-BE54-9A1E7A4F7556}") = "ExtractTextByRegion", "Text\ExtractTextByRegion\ExtractTextByRegion.csproj", "{43611232-C62F-4EBA-A8BE-F003377ACED5}"
EndProject
Project("{9A19103F-16F7-4668-BE54-9A1E7A4F7556}") = "ExtractTextFromAnnotations", "Text\ExtractTextFromAnnotations\ExtractTextFromAnnotations.csproj", "{3396C11E-3EE3-4C3E-8841-65A2110EE465}"
EndProject
Project("{9A19103F-16F7-4668-BE54-9A1E7A4F7556}") = "ExtractTextFromMultiRegions", "Text\ExtractTextFromMultiRegions\ExtractTextFromMultiRegions.csproj", "{ACBEE6A4-28C0-4F0A-B2DD-594296C8E513}"
EndProject
Project("{9A19103F-16F7-4668-BE54-9A1E7A4F7556}") = "ExtractTextPreservingStyleAndPositionInfo", "Text\ExtractTextPreservingStyleAndPositionInfo\ExtractTextPreservingStyleAndPositionInfo.csproj", "{368609FC-CF8B-4B1A-A368-7DDA6429F154}"
EndProject
Global
	GlobalSection(SolutionConfigurationPlatforms) = preSolution
		Debug|x64 = Debug|x64
		Release|x64 = Release|x64
		Debug|ARM64 = Debug|ARM64
		Release|ARM64 = Release|ARM64
	EndGlobalSection
	GlobalSection(ProjectConfigurationPlatforms) = postSolution
		{70D0858E-DEF6-41D9-8F18-A30C1C66B5B6}.Debug|x64.ActiveCfg = Debug|ARM64
		{70D0858E-DEF6-41D9-8F18-A30C1C66B5B6}.Debug|x64.Build.0 = Debug|ARM64
		{70D0858E-DEF6-41D9-8F18-A30C1C66B5B6}.Release|x64.ActiveCfg = Release|x64
		{70D0858E-DEF6-41D9-8F18-A30C1C66B5B6}.Release|x64.Build.0 = Release|x64
		{85392A1D-95F6-4E95-89A6-D50CAC22B70F}.Debug|x64.ActiveCfg = Debug|x64
		{85392A1D-95F6-4E95-89A6-D50CAC22B70F}.Debug|x64.Build.0 = Debug|x64
		{85392A1D-95F6-4E95-89A6-D50CAC22B70F}.Release|x64.ActiveCfg = Release|x64
		{85392A1D-95F6-4E95-89A6-D50CAC22B70F}.Release|x64.Build.0 = Release|x64
		{929D1A6E-641E-4AE2-8EB6-F4E194FCEFCC}.Debug|x64.ActiveCfg = Debug|x64
		{929D1A6E-641E-4AE2-8EB6-F4E194FCEFCC}.Debug|x64.Build.0 = Debug|x64
		{929D1A6E-641E-4AE2-8EB6-F4E194FCEFCC}.Release|x64.ActiveCfg = Release|x64
		{929D1A6E-641E-4AE2-8EB6-F4E194FCEFCC}.Release|x64.Build.0 = Release|x64
		{124DF6A7-98CE-4862-86D3-4FBA936D11F8}.Debug|x64.ActiveCfg = Debug|x64
		{124DF6A7-98CE-4862-86D3-4FBA936D11F8}.Debug|x64.Build.0 = Debug|x64
		{124DF6A7-98CE-4862-86D3-4FBA936D11F8}.Release|x64.ActiveCfg = Release|x64
		{124DF6A7-98CE-4862-86D3-4FBA936D11F8}.Release|x64.Build.0 = Release|x64
		{097EEFF1-D124-4927-B794-0BC5BAD3F93A}.Debug|x64.ActiveCfg = Debug|x64
		{097EEFF1-D124-4927-B794-0BC5BAD3F93A}.Debug|x64.Build.0 = Debug|x64
		{097EEFF1-D124-4927-B794-0BC5BAD3F93A}.Release|x64.ActiveCfg = Release|x64
		{097EEFF1-D124-4927-B794-0BC5BAD3F93A}.Release|x64.Build.0 = Release|x64
		{8F50BD3F-01E5-4E4E-BD99-ED19C5A0CEED}.Debug|x64.ActiveCfg = Debug|ARM64
		{8F50BD3F-01E5-4E4E-BD99-ED19C5A0CEED}.Debug|x64.Build.0 = Debug|ARM64
		{8F50BD3F-01E5-4E4E-BD99-ED19C5A0CEED}.Release|x64.ActiveCfg = Release|x64
		{8F50BD3F-01E5-4E4E-BD99-ED19C5A0CEED}.Release|x64.Build.0 = Release|x64
		{B2C75915-AC3C-4C6B-AC21-5DEB29A61EBE}.Debug|x64.ActiveCfg = Debug|ARM64
		{B2C75915-AC3C-4C6B-AC21-5DEB29A61EBE}.Debug|x64.Build.0 = Debug|ARM64
		{B2C75915-AC3C-4C6B-AC21-5DEB29A61EBE}.Release|x64.ActiveCfg = Release|x64
		{B2C75915-AC3C-4C6B-AC21-5DEB29A61EBE}.Release|x64.Build.0 = Release|x64
		{7B46D008-F834-4F19-B829-1AAA96429D46}.Debug|x64.ActiveCfg = Debug|x64
		{7B46D008-F834-4F19-B829-1AAA96429D46}.Debug|x64.Build.0 = Debug|x64
		{7B46D008-F834-4F19-B829-1AAA96429D46}.Release|x64.ActiveCfg = Release|x64
		{7B46D008-F834-4F19-B829-1AAA96429D46}.Release|x64.Build.0 = Release|x64
		{47C15495-C8BB-4F3C-8BF0-CAE981FF39C1}.Debug|x64.ActiveCfg = Debug|x64
		{47C15495-C8BB-4F3C-8BF0-CAE981FF39C1}.Debug|x64.Build.0 = Debug|x64
		{47C15495-C8BB-4F3C-8BF0-CAE981FF39C1}.Release|x64.ActiveCfg = Release|x64
		{47C15495-C8BB-4F3C-8BF0-CAE981FF39C1}.Release|x64.Build.0 = Release|x64
		{92B39A4D-AA53-40BF-9D6E-C48752636A98}.Debug|x64.ActiveCfg = Debug|x64
		{92B39A4D-AA53-40BF-9D6E-C48752636A98}.Debug|x64.Build.0 = Debug|x64
		{92B39A4D-AA53-40BF-9D6E-C48752636A98}.Release|x64.ActiveCfg = Release|x64
		{92B39A4D-AA53-40BF-9D6E-C48752636A98}.Release|x64.Build.0 = Release|x64
		{B6277850-0D01-4337-A3B3-2359CA983425}.Debug|x64.ActiveCfg = Debug|x64
		{B6277850-0D01-4337-A3B3-2359CA983425}.Debug|x64.Build.0 = Debug|x64
		{B6277850-0D01-4337-A3B3-2359CA983425}.Release|x64.ActiveCfg = Release|x64
		{B6277850-0D01-4337-A3B3-2359CA983425}.Release|x64.Build.0 = Release|x64
		{46577253-E6E8-4468-BAAE-9B4041E02591}.Debug|x64.ActiveCfg = Debug|x64
		{46577253-E6E8-4468-BAAE-9B4041E02591}.Debug|x64.Build.0 = Debug|x64
		{46577253-E6E8-4468-BAAE-9B4041E02591}.Release|x64.ActiveCfg = Release|x64
		{46577253-E6E8-4468-BAAE-9B4041E02591}.Release|x64.Build.0 = Release|x64
		{EEE2B449-3827-4D13-934E-475E786C4330}.Debug|x64.ActiveCfg = Debug|x64
		{EEE2B449-3827-4D13-934E-475E786C4330}.Debug|x64.Build.0 = Debug|x64
		{EEE2B449-3827-4D13-934E-475E786C4330}.Release|x64.ActiveCfg = Release|x64
		{EEE2B449-3827-4D13-934E-475E786C4330}.Release|x64.Build.0 = Release|x64
		{311B6C5C-FFB3-4492-ADC0-CB28C21EB9E3}.Debug|x64.ActiveCfg = Debug|x64
		{311B6C5C-FFB3-4492-ADC0-CB28C21EB9E3}.Debug|x64.Build.0 = Debug|x64
		{311B6C5C-FFB3-4492-ADC0-CB28C21EB9E3}.Release|x64.ActiveCfg = Release|x64
		{311B6C5C-FFB3-4492-ADC0-CB28C21EB9E3}.Release|x64.Build.0 = Release|x64
		{DF4E1A82-6988-4D3F-87F8-9710D2BFEB61}.Debug|x64.ActiveCfg = Debug|x64
		{DF4E1A82-6988-4D3F-87F8-9710D2BFEB61}.Debug|x64.Build.0 = Debug|x64
		{DF4E1A82-6988-4D3F-87F8-9710D2BFEB61}.Release|x64.ActiveCfg = Release|x64
		{DF4E1A82-6988-4D3F-87F8-9710D2BFEB61}.Release|x64.Build.0 = Release|x64
		{83B6C4DA-5BA8-4F2D-B08B-A8FAD55A64E5}.Debug|x64.ActiveCfg = Debug|x64
		{83B6C4DA-5BA8-4F2D-B08B-A8FAD55A64E5}.Debug|x64.Build.0 = Debug|x64
		{83B6C4DA-5BA8-4F2D-B08B-A8FAD55A64E5}.Release|x64.ActiveCfg = Release|x64
		{83B6C4DA-5BA8-4F2D-B08B-A8FAD55A64E5}.Release|x64.Build.0 = Release|x64
		{BA2A4C8A-AFAE-4A9B-87BE-0141ACD8FE1B}.Debug|x64.ActiveCfg = Debug|x64
		{BA2A4C8A-AFAE-4A9B-87BE-0141ACD8FE1B}.Debug|x64.Build.0 = Debug|x64
		{BA2A4C8A-AFAE-4A9B-87BE-0141ACD8FE1B}.Release|x64.ActiveCfg = Release|x64
		{BA2A4C8A-AFAE-4A9B-87BE-0141ACD8FE1B}.Release|x64.Build.0 = Release|x64
		{658F424E-8EBB-4650-BB36-F00B2CA181D4}.Debug|x64.ActiveCfg = Debug|x64
		{658F424E-8EBB-4650-BB36-F00B2CA181D4}.Debug|x64.Build.0 = Debug|x64
		{658F424E-8EBB-4650-BB36-F00B2CA181D4}.Release|x64.ActiveCfg = Release|x64
		{658F424E-8EBB-4650-BB36-F00B2CA181D4}.Release|x64.Build.0 = Release|x64
		{4E3888ED-6A86-42A6-B854-9D56C488D546}.Debug|x64.ActiveCfg = Debug|x64
		{4E3888ED-6A86-42A6-B854-9D56C488D546}.Debug|x64.Build.0 = Debug|x64
		{4E3888ED-6A86-42A6-B854-9D56C488D546}.Release|x64.ActiveCfg = Release|x64
		{4E3888ED-6A86-42A6-B854-9D56C488D546}.Release|x64.Build.0 = Release|x64
		{D8BC645E-085C-423B-BAE2-19ABCC2D9918}.Debug|x64.ActiveCfg = Debug|x64
		{D8BC645E-085C-423B-BAE2-19ABCC2D9918}.Debug|x64.Build.0 = Debug|x64
		{D8BC645E-085C-423B-BAE2-19ABCC2D9918}.Release|x64.ActiveCfg = Release|x64
		{D8BC645E-085C-423B-BAE2-19ABCC2D9918}.Release|x64.Build.0 = Release|x64
		{7DE6ABAD-E2C6-4E23-A200-5A28439DCBAC}.Debug|x64.ActiveCfg = Debug|x64
		{7DE6ABAD-E2C6-4E23-A200-5A28439DCBAC}.Debug|x64.Build.0 = Debug|x64
		{7DE6ABAD-E2C6-4E23-A200-5A28439DCBAC}.Release|x64.ActiveCfg = Release|x64
		{7DE6ABAD-E2C6-4E23-A200-5A28439DCBAC}.Release|x64.Build.0 = Release|x64
		{4BA13F71-A2ED-4ABF-92D1-606EAD20EEBE}.Debug|x64.ActiveCfg = Debug|ARM64
		{4BA13F71-A2ED-4ABF-92D1-606EAD20EEBE}.Debug|x64.Build.0 = Debug|ARM64
		{4BA13F71-A2ED-4ABF-92D1-606EAD20EEBE}.Release|x64.ActiveCfg = Release|x64
		{4BA13F71-A2ED-4ABF-92D1-606EAD20EEBE}.Release|x64.Build.0 = Release|x64
		{DBBFEFE5-F09A-48A9-ADFB-F60606E9F8C6}.Debug|x64.ActiveCfg = Debug|ARM64
		{DBBFEFE5-F09A-48A9-ADFB-F60606E9F8C6}.Debug|x64.Build.0 = Debug|ARM64
		{DBBFEFE5-F09A-48A9-ADFB-F60606E9F8C6}.Release|x64.ActiveCfg = Release|x64
		{DBBFEFE5-F09A-48A9-ADFB-F60606E9F8C6}.Release|x64.Build.0 = Release|x64
		{61EA2796-5622-423B-B304-A429A4336E11}.Debug|x64.ActiveCfg = Debug|ARM64
		{61EA2796-5622-423B-B304-A429A4336E11}.Debug|x64.Build.0 = Debug|ARM64
		{61EA2796-5622-423B-B304-A429A4336E11}.Release|x64.ActiveCfg = Release|x64
		{61EA2796-5622-423B-B304-A429A4336E11}.Release|x64.Build.0 = Release|x64
		{FBFB1CD8-2F73-4BA3-9F57-AE795965D9F9}.Debug|x64.ActiveCfg = Debug|x64
		{FBFB1CD8-2F73-4BA3-9F57-AE795965D9F9}.Debug|x64.Build.0 = Debug|x64
		{FBFB1CD8-2F73-4BA3-9F57-AE795965D9F9}.Release|x64.ActiveCfg = Release|x64
		{FBFB1CD8-2F73-4BA3-9F57-AE795965D9F9}.Release|x64.Build.0 = Release|x64
		{7C27292E-FD2C-48DB-8BE0-FCF1C3BE260A}.Debug|x64.ActiveCfg = Debug|x64
		{7C27292E-FD2C-48DB-8BE0-FCF1C3BE260A}.Debug|x64.Build.0 = Debug|x64
		{7C27292E-FD2C-48DB-8BE0-FCF1C3BE260A}.Release|x64.ActiveCfg = Release|x64
		{7C27292E-FD2C-48DB-8BE0-FCF1C3BE260A}.Release|x64.Build.0 = Release|x64
		{E005F9F2-ACD1-4B16-B933-73A0F0244E9C}.Debug|x64.ActiveCfg = Debug|x64
		{E005F9F2-ACD1-4B16-B933-73A0F0244E9C}.Debug|x64.Build.0 = Debug|x64
		{E005F9F2-ACD1-4B16-B933-73A0F0244E9C}.Release|x64.ActiveCfg = Release|x64
		{E005F9F2-ACD1-4B16-B933-73A0F0244E9C}.Release|x64.Build.0 = Release|x64
		{6EAFCF98-5579-4577-88CD-31FDDF84C311}.Debug|x64.ActiveCfg = Debug|x64
		{6EAFCF98-5579-4577-88CD-31FDDF84C311}.Debug|x64.Build.0 = Debug|x64
		{6EAFCF98-5579-4577-88CD-31FDDF84C311}.Release|x64.ActiveCfg = Release|x64
		{6EAFCF98-5579-4577-88CD-31FDDF84C311}.Release|x64.Build.0 = Release|x64
		{485BBE7A-AE3E-46F1-B690-0BC9583AA41F}.Debug|x64.ActiveCfg = Debug|x64
		{485BBE7A-AE3E-46F1-B690-0BC9583AA41F}.Debug|x64.Build.0 = Debug|x64
		{485BBE7A-AE3E-46F1-B690-0BC9583AA41F}.Release|x64.ActiveCfg = Release|x64
		{485BBE7A-AE3E-46F1-B690-0BC9583AA41F}.Release|x64.Build.0 = Release|x64
		{DBE3691D-706A-4717-BB93-E5010B23DDCC}.Debug|x64.ActiveCfg = Debug|x64
		{DBE3691D-706A-4717-BB93-E5010B23DDCC}.Debug|x64.Build.0 = Debug|x64
		{DBE3691D-706A-4717-BB93-E5010B23DDCC}.Release|x64.ActiveCfg = Release|x64
		{DBE3691D-706A-4717-BB93-E5010B23DDCC}.Release|x64.Build.0 = Release|x64
		{2DBC97D4-B1D3-4028-B7DE-B3B4852E977B}.Debug|x64.ActiveCfg = Debug|x64
		{2DBC97D4-B1D3-4028-B7DE-B3B4852E977B}.Debug|x64.Build.0 = Debug|x64
		{2DBC97D4-B1D3-4028-B7DE-B3B4852E977B}.Release|x64.ActiveCfg = Release|x64
		{2DBC97D4-B1D3-4028-B7DE-B3B4852E977B}.Release|x64.Build.0 = Release|x64
		{49405E3F-CCA7-4098-8E6A-78F631BB3EE6}.Debug|x64.ActiveCfg = Debug|x64
		{49405E3F-CCA7-4098-8E6A-78F631BB3EE6}.Debug|x64.Build.0 = Debug|x64
		{49405E3F-CCA7-4098-8E6A-78F631BB3EE6}.Release|x64.ActiveCfg = Release|x64
		{49405E3F-CCA7-4098-8E6A-78F631BB3EE6}.Release|x64.Build.0 = Release|x64
		{067742C0-BEE9-4A57-ADA7-1CCF619C541C}.Debug|x64.ActiveCfg = Debug|x64
		{067742C0-BEE9-4A57-ADA7-1CCF619C541C}.Debug|x64.Build.0 = Debug|x64
		{067742C0-BEE9-4A57-ADA7-1CCF619C541C}.Release|x64.ActiveCfg = Release|x64
		{067742C0-BEE9-4A57-ADA7-1CCF619C541C}.Release|x64.Build.0 = Release|x64
		{475E7F61-D268-4C1D-9291-0C4C0039834B}.Debug|x64.ActiveCfg = Debug|x64
		{475E7F61-D268-4C1D-9291-0C4C0039834B}.Debug|x64.Build.0 = Debug|x64
		{475E7F61-D268-4C1D-9291-0C4C0039834B}.Release|x64.ActiveCfg = Release|x64
		{475E7F61-D268-4C1D-9291-0C4C0039834B}.Release|x64.Build.0 = Release|x64
		{C623DE51-BE5C-4500-9E29-0443A0C46DE9}.Debug|x64.ActiveCfg = Debug|x64
		{C623DE51-BE5C-4500-9E29-0443A0C46DE9}.Debug|x64.Build.0 = Debug|x64
		{C623DE51-BE5C-4500-9E29-0443A0C46DE9}.Release|x64.ActiveCfg = Release|x64
		{C623DE51-BE5C-4500-9E29-0443A0C46DE9}.Release|x64.Build.0 = Release|x64
		{C94C86B3-EBB4-4A7B-975A-89C64E60726E}.Debug|x64.ActiveCfg = Debug|x64
		{C94C86B3-EBB4-4A7B-975A-89C64E60726E}.Debug|x64.Build.0 = Debug|x64
		{C94C86B3-EBB4-4A7B-975A-89C64E60726E}.Release|x64.ActiveCfg = Release|x64
		{C94C86B3-EBB4-4A7B-975A-89C64E60726E}.Release|x64.Build.0 = Release|x64
		{AC8530CE-DE2A-4DD5-AA2B-9046DDF9970E}.Debug|x64.ActiveCfg = Debug|x64
		{AC8530CE-DE2A-4DD5-AA2B-9046DDF9970E}.Debug|x64.Build.0 = Debug|x64
		{AC8530CE-DE2A-4DD5-AA2B-9046DDF9970E}.Release|x64.ActiveCfg = Release|x64
		{AC8530CE-DE2A-4DD5-AA2B-9046DDF9970E}.Release|x64.Build.0 = Release|x64
		{F57664D6-D196-407B-9C33-190972D65666}.Debug|x64.ActiveCfg = Debug|x64
		{F57664D6-D196-407B-9C33-190972D65666}.Debug|x64.Build.0 = Debug|x64
		{F57664D6-D196-407B-9C33-190972D65666}.Release|x64.ActiveCfg = Release|x64
		{F57664D6-D196-407B-9C33-190972D65666}.Release|x64.Build.0 = Release|x64
		{4CC367B0-C153-4F09-841E-104782D495E0}.Debug|x64.ActiveCfg = Debug|x64
		{4CC367B0-C153-4F09-841E-104782D495E0}.Debug|x64.Build.0 = Debug|x64
		{4CC367B0-C153-4F09-841E-104782D495E0}.Release|x64.ActiveCfg = Release|x64
		{4CC367B0-C153-4F09-841E-104782D495E0}.Release|x64.Build.0 = Release|x64
		{5157060A-160B-4AE1-823C-3AFBD24B5E61}.Debug|x64.ActiveCfg = Debug|x64
		{5157060A-160B-4AE1-823C-3AFBD24B5E61}.Debug|x64.Build.0 = Debug|x64
		{5157060A-160B-4AE1-823C-3AFBD24B5E61}.Release|x64.ActiveCfg = Release|x64
		{5157060A-160B-4AE1-823C-3AFBD24B5E61}.Release|x64.Build.0 = Release|x64
		{1CEAA662-CA8C-42E3-A7FA-8A68F9BF5CB3}.Debug|x64.ActiveCfg = Debug|x64
		{1CEAA662-CA8C-42E3-A7FA-8A68F9BF5CB3}.Debug|x64.Build.0 = Debug|x64
		{1CEAA662-CA8C-42E3-A7FA-8A68F9BF5CB3}.Release|x64.ActiveCfg = Release|x64
		{1CEAA662-CA8C-42E3-A7FA-8A68F9BF5CB3}.Release|x64.Build.0 = Release|x64
		{43A7E05A-DB54-40D7-9278-B656FAC98986}.Debug|x64.ActiveCfg = Debug|x64
		{43A7E05A-DB54-40D7-9278-B656FAC98986}.Debug|x64.Build.0 = Debug|x64
		{43A7E05A-DB54-40D7-9278-B656FAC98986}.Release|x64.ActiveCfg = Release|x64
		{43A7E05A-DB54-40D7-9278-B656FAC98986}.Release|x64.Build.0 = Release|x64
		{06C97736-9A5D-411B-B025-21CA028341B1}.Debug|x64.ActiveCfg = Debug|x64
		{06C97736-9A5D-411B-B025-21CA028341B1}.Debug|x64.Build.0 = Debug|x64
		{06C97736-9A5D-411B-B025-21CA028341B1}.Release|x64.ActiveCfg = Release|x64
		{06C97736-9A5D-411B-B025-21CA028341B1}.Release|x64.Build.0 = Release|x64
		{D3CC3B64-5CCD-4CB3-98A2-0A231A7CBA0A}.Debug|x64.ActiveCfg = Debug|x64
		{D3CC3B64-5CCD-4CB3-98A2-0A231A7CBA0A}.Debug|x64.Build.0 = Debug|x64
		{D3CC3B64-5CCD-4CB3-98A2-0A231A7CBA0A}.Release|x64.ActiveCfg = Release|x64
		{D3CC3B64-5CCD-4CB3-98A2-0A231A7CBA0A}.Release|x64.Build.0 = Release|x64
		{41C8CD9C-2396-489C-A117-A603878D9313}.Debug|x64.ActiveCfg = Debug|x64
		{41C8CD9C-2396-489C-A117-A603878D9313}.Debug|x64.Build.0 = Debug|x64
		{41C8CD9C-2396-489C-A117-A603878D9313}.Release|x64.ActiveCfg = Release|x64
		{41C8CD9C-2396-489C-A117-A603878D9313}.Release|x64.Build.0 = Release|x64
		{5A12A749-0A28-4230-B169-74CB74F0D1E2}.Debug|x64.ActiveCfg = Debug|x64
		{5A12A749-0A28-4230-B169-74CB74F0D1E2}.Debug|x64.Build.0 = Debug|x64
		{5A12A749-0A28-4230-B169-74CB74F0D1E2}.Release|x64.ActiveCfg = Release|x64
		{5A12A749-0A28-4230-B169-74CB74F0D1E2}.Release|x64.Build.0 = Release|x64
		{CA3FB4F3-06DD-49B8-BE7C-BEEDBCB227FB}.Debug|x64.ActiveCfg = Debug|x64
		{CA3FB4F3-06DD-49B8-BE7C-BEEDBCB227FB}.Debug|x64.Build.0 = Debug|x64
		{CA3FB4F3-06DD-49B8-BE7C-BEEDBCB227FB}.Release|x64.ActiveCfg = Release|x64
		{CA3FB4F3-06DD-49B8-BE7C-BEEDBCB227FB}.Release|x64.Build.0 = Release|x64
		{2F3A9A81-2BEA-4B6D-94C2-3D4CA788EDC7}.Debug|x64.ActiveCfg = Debug|x64
		{2F3A9A81-2BEA-4B6D-94C2-3D4CA788EDC7}.Debug|x64.Build.0 = Debug|x64
		{2F3A9A81-2BEA-4B6D-94C2-3D4CA788EDC7}.Release|x64.ActiveCfg = Release|x64
		{2F3A9A81-2BEA-4B6D-94C2-3D4CA788EDC7}.Release|x64.Build.0 = Release|x64
		{1B583053-24F9-4A81-81D0-9E95BAAEF46B}.Debug|x64.ActiveCfg = Debug|x64
		{1B583053-24F9-4A81-81D0-9E95BAAEF46B}.Debug|x64.Build.0 = Debug|x64
		{1B583053-24F9-4A81-81D0-9E95BAAEF46B}.Release|x64.ActiveCfg = Release|x64
		{1B583053-24F9-4A81-81D0-9E95BAAEF46B}.Release|x64.Build.0 = Release|x64
		{4C9F4323-9C8E-4394-A538-64D5A7372666}.Debug|x64.ActiveCfg = Debug|x64
		{4C9F4323-9C8E-4394-A538-64D5A7372666}.Debug|x64.Build.0 = Debug|x64
		{4C9F4323-9C8E-4394-A538-64D5A7372666}.Release|x64.ActiveCfg = Release|x64
		{4C9F4323-9C8E-4394-A538-64D5A7372666}.Release|x64.Build.0 = Release|x64
		{58ADDDE8-507D-407C-9D8F-AF888A45410F}.Debug|x64.ActiveCfg = Debug|x64
		{58ADDDE8-507D-407C-9D8F-AF888A45410F}.Debug|x64.Build.0 = Debug|x64
		{58ADDDE8-507D-407C-9D8F-AF888A45410F}.Release|x64.ActiveCfg = Release|x64
		{58ADDDE8-507D-407C-9D8F-AF888A45410F}.Release|x64.Build.0 = Release|x64
		{F2E52ED2-37E7-404D-8728-9494D18FDBDA}.Debug|x64.ActiveCfg = Debug|x64
		{F2E52ED2-37E7-404D-8728-9494D18FDBDA}.Debug|x64.Build.0 = Debug|x64
		{F2E52ED2-37E7-404D-8728-9494D18FDBDA}.Release|x64.ActiveCfg = Release|x64
		{F2E52ED2-37E7-404D-8728-9494D18FDBDA}.Release|x64.Build.0 = Release|x64
		{8BCFB9F8-498B-4E03-A330-DFC0A5538C95}.Debug|x64.ActiveCfg = Debug|x64
		{8BCFB9F8-498B-4E03-A330-DFC0A5538C95}.Debug|x64.Build.0 = Debug|x64
		{8BCFB9F8-498B-4E03-A330-DFC0A5538C95}.Release|x64.ActiveCfg = Release|x64
		{8BCFB9F8-498B-4E03-A330-DFC0A5538C95}.Release|x64.Build.0 = Release|x64
		{06699B3A-5C95-41AA-9ECF-7C1B86A5A186}.Debug|x64.ActiveCfg = Debug|x64
		{06699B3A-5C95-41AA-9ECF-7C1B86A5A186}.Debug|x64.Build.0 = Debug|x64
		{06699B3A-5C95-41AA-9ECF-7C1B86A5A186}.Release|x64.ActiveCfg = Release|x64
		{06699B3A-5C95-41AA-9ECF-7C1B86A5A186}.Release|x64.Build.0 = Release|x64
		{31C596AA-2358-4425-9673-663A0CE5888C}.Debug|x64.ActiveCfg = Debug|x64
		{31C596AA-2358-4425-9673-663A0CE5888C}.Debug|x64.Build.0 = Debug|x64
		{31C596AA-2358-4425-9673-663A0CE5888C}.Release|x64.ActiveCfg = Release|x64
		{31C596AA-2358-4425-9673-663A0CE5888C}.Release|x64.Build.0 = Release|x64
		{FE7A6C54-67B0-4895-B97F-E88C2EC0FFA2}.Debug|x64.ActiveCfg = Debug|x64
		{FE7A6C54-67B0-4895-B97F-E88C2EC0FFA2}.Debug|x64.Build.0 = Debug|x64
		{FE7A6C54-67B0-4895-B97F-E88C2EC0FFA2}.Release|x64.ActiveCfg = Release|x64
		{FE7A6C54-67B0-4895-B97F-E88C2EC0FFA2}.Release|x64.Build.0 = Release|x64
		{DAA6CF31-A6F3-4D62-ADA2-306DB63B0E75}.Debug|x64.ActiveCfg = Debug|x64
		{DAA6CF31-A6F3-4D62-ADA2-306DB63B0E75}.Debug|x64.Build.0 = Debug|x64
		{DAA6CF31-A6F3-4D62-ADA2-306DB63B0E75}.Release|x64.ActiveCfg = Release|x64
		{DAA6CF31-A6F3-4D62-ADA2-306DB63B0E75}.Release|x64.Build.0 = Release|x64
		{737A2F8A-7EC7-4A73-9E3E-F484E8847C6A}.Debug|x64.ActiveCfg = Debug|x64
		{737A2F8A-7EC7-4A73-9E3E-F484E8847C6A}.Debug|x64.Build.0 = Debug|x64
		{737A2F8A-7EC7-4A73-9E3E-F484E8847C6A}.Release|x64.ActiveCfg = Release|x64
		{737A2F8A-7EC7-4A73-9E3E-F484E8847C6A}.Release|x64.Build.0 = Release|x64
		{6ADE983A-FDD3-4227-8A72-91A6CB2CE32F}.Debug|x64.ActiveCfg = Debug|x64
		{6ADE983A-FDD3-4227-8A72-91A6CB2CE32F}.Debug|x64.Build.0 = Debug|x64
		{6ADE983A-FDD3-4227-8A72-91A6CB2CE32F}.Release|x64.ActiveCfg = Release|x64
		{6ADE983A-FDD3-4227-8A72-91A6CB2CE32F}.Release|x64.Build.0 = Release|x64
		{F249F2BE-115D-4416-AE6E-89EA383A412A}.Debug|x64.ActiveCfg = Debug|x64
		{F249F2BE-115D-4416-AE6E-89EA383A412A}.Debug|x64.Build.0 = Debug|x64
		{F249F2BE-115D-4416-AE6E-89EA383A412A}.Release|x64.ActiveCfg = Release|x64
		{F249F2BE-115D-4416-AE6E-89EA383A412A}.Release|x64.Build.0 = Release|x64
		{541ECF0C-B1AE-4BC9-966A-0A4B9ECB3469}.Debug|x64.ActiveCfg = Debug|ARM64
		{541ECF0C-B1AE-4BC9-966A-0A4B9ECB3469}.Debug|x64.Build.0 = Debug|ARM64
		{541ECF0C-B1AE-4BC9-966A-0A4B9ECB3469}.Release|x64.ActiveCfg = Release|x64
		{541ECF0C-B1AE-4BC9-966A-0A4B9ECB3469}.Release|x64.Build.0 = Release|x64
		{3186D460-50A7-473D-BEED-BC639E990A0D}.Debug|x64.ActiveCfg = Debug|ARM64
		{3186D460-50A7-473D-BEED-BC639E990A0D}.Debug|x64.Build.0 = Debug|ARM64
		{3186D460-50A7-473D-BEED-BC639E990A0D}.Release|x64.ActiveCfg = Release|x64
		{3186D460-50A7-473D-BEED-BC639E990A0D}.Release|x64.Build.0 = Release|x64
		{A0A693BD-06F6-4392-98CA-724C25B0100C}.Debug|x64.ActiveCfg = Debug|x64
		{A0A693BD-06F6-4392-98CA-724C25B0100C}.Debug|x64.Build.0 = Debug|x64
		{A0A693BD-06F6-4392-98CA-724C25B0100C}.Release|x64.ActiveCfg = Release|x64
		{A0A693BD-06F6-4392-98CA-724C25B0100C}.Release|x64.Build.0 = Release|x64
		{26AD9F63-B8D5-4B25-B108-3725F0246722}.Debug|x64.ActiveCfg = Debug|x64
		{26AD9F63-B8D5-4B25-B108-3725F0246722}.Debug|x64.Build.0 = Debug|x64
		{26AD9F63-B8D5-4B25-B108-3725F0246722}.Release|x64.ActiveCfg = Release|x64
		{26AD9F63-B8D5-4B25-B108-3725F0246722}.Release|x64.Build.0 = Release|x64
		{9AA570A4-E393-46E1-B835-465F1BC33ED9}.Debug|x64.ActiveCfg = Debug|x64
		{9AA570A4-E393-46E1-B835-465F1BC33ED9}.Debug|x64.Build.0 = Debug|x64
		{9AA570A4-E393-46E1-B835-465F1BC33ED9}.Release|x64.ActiveCfg = Release|x64
		{9AA570A4-E393-46E1-B835-465F1BC33ED9}.Release|x64.Build.0 = Release|x64
		{C3796875-0BF2-4D05-8C6B-768091E698E4}.Debug|x64.ActiveCfg = Debug|x64
		{C3796875-0BF2-4D05-8C6B-768091E698E4}.Debug|x64.Build.0 = Debug|x64
		{C3796875-0BF2-4D05-8C6B-768091E698E4}.Release|x64.ActiveCfg = Release|x64
		{C3796875-0BF2-4D05-8C6B-768091E698E4}.Release|x64.Build.0 = Release|x64
		{EE081426-9C85-4C3D-BBC7-51CE701E682E}.Debug|x64.ActiveCfg = Debug|x64
		{EE081426-9C85-4C3D-BBC7-51CE701E682E}.Debug|x64.Build.0 = Debug|x64
		{EE081426-9C85-4C3D-BBC7-51CE701E682E}.Release|x64.ActiveCfg = Release|x64
		{EE081426-9C85-4C3D-BBC7-51CE701E682E}.Release|x64.Build.0 = Release|x64
		{C98FBB11-73B0-4518-99F3-27F9EC39FFF2}.Debug|x64.ActiveCfg = Debug|ARM64
		{C98FBB11-73B0-4518-99F3-27F9EC39FFF2}.Debug|x64.Build.0 = Debug|ARM64
		{C98FBB11-73B0-4518-99F3-27F9EC39FFF2}.Release|x64.ActiveCfg = Release|x64
		{C98FBB11-73B0-4518-99F3-27F9EC39FFF2}.Release|x64.Build.0 = Release|x64
		{D40FE367-B2E0-48F7-8C22-4A247AE91B52}.Debug|x64.ActiveCfg = Debug|ARM64
		{D40FE367-B2E0-48F7-8C22-4A247AE91B52}.Debug|x64.Build.0 = Debug|ARM64
		{D40FE367-B2E0-48F7-8C22-4A247AE91B52}.Release|x64.ActiveCfg = Release|x64
		{D40FE367-B2E0-48F7-8C22-4A247AE91B52}.Release|x64.Build.0 = Release|x64
		{63497BF6-14E3-46B2-98FD-EA7BAE89BBF4}.Debug|x64.ActiveCfg = Debug|ARM64
		{63497BF6-14E3-46B2-98FD-EA7BAE89BBF4}.Debug|x64.Build.0 = Debug|ARM64
		{63497BF6-14E3-46B2-98FD-EA7BAE89BBF4}.Release|x64.ActiveCfg = Release|x64
		{63497BF6-14E3-46B2-98FD-EA7BAE89BBF4}.Release|x64.Build.0 = Release|x64
		{B9F02624-F783-4876-8A20-9F4292178884}.Debug|x64.ActiveCfg = Debug|x64
		{B9F02624-F783-4876-8A20-9F4292178884}.Debug|x64.Build.0 = Debug|x64
		{B9F02624-F783-4876-8A20-9F4292178884}.Release|x64.ActiveCfg = Release|x64
		{B9F02624-F783-4876-8A20-9F4292178884}.Release|x64.Build.0 = Release|x64
		{22AD158D-48B2-455F-ABF8-008BC2FEE81E}.Debug|x64.ActiveCfg = Debug|x64
		{22AD158D-48B2-455F-ABF8-008BC2FEE81E}.Debug|x64.Build.0 = Debug|x64
		{22AD158D-48B2-455F-ABF8-008BC2FEE81E}.Release|x64.ActiveCfg = Release|x64
		{22AD158D-48B2-455F-ABF8-008BC2FEE81E}.Release|x64.Build.0 = Release|x64
		{AA9308F1-6FAE-4E42-B69A-3C806B896E98}.Debug|x64.ActiveCfg = Debug|x64
		{AA9308F1-6FAE-4E42-B69A-3C806B896E98}.Debug|x64.Build.0 = Debug|x64
		{AA9308F1-6FAE-4E42-B69A-3C806B896E98}.Release|x64.ActiveCfg = Release|x64
		{AA9308F1-6FAE-4E42-B69A-3C806B896E98}.Release|x64.Build.0 = Release|x64
		{254B2FF2-428E-4357-BE09-01CCD7DD5BFF}.Debug|x64.ActiveCfg = Debug|ARM64
		{254B2FF2-428E-4357-BE09-01CCD7DD5BFF}.Debug|x64.Build.0 = Debug|ARM64
		{254B2FF2-428E-4357-BE09-01CCD7DD5BFF}.Release|x64.ActiveCfg = Release|x64
		{254B2FF2-428E-4357-BE09-01CCD7DD5BFF}.Release|x64.Build.0 = Release|x64
		{F6CC64D1-2978-47A7-A9CE-1DDCEE93572A}.Debug|x64.ActiveCfg = Debug|x64
		{F6CC64D1-2978-47A7-A9CE-1DDCEE93572A}.Debug|x64.Build.0 = Debug|x64
		{F6CC64D1-2978-47A7-A9CE-1DDCEE93572A}.Release|x64.ActiveCfg = Release|x64
		{F6CC64D1-2978-47A7-A9CE-1DDCEE93572A}.Release|x64.Build.0 = Release|x64
		{7B1CF282-6AB6-487D-B99E-D5F3777DF23A}.Debug|x64.ActiveCfg = Debug|x64
		{7B1CF282-6AB6-487D-B99E-D5F3777DF23A}.Debug|x64.Build.0 = Debug|x64
		{7B1CF282-6AB6-487D-B99E-D5F3777DF23A}.Release|x64.ActiveCfg = Release|x64
		{7B1CF282-6AB6-487D-B99E-D5F3777DF23A}.Release|x64.Build.0 = Release|x64
		{078F94CA-CCC2-4884-9D8F-A043E9C7F220}.Debug|x64.ActiveCfg = Debug|x64
		{078F94CA-CCC2-4884-9D8F-A043E9C7F220}.Debug|x64.Build.0 = Debug|x64
		{078F94CA-CCC2-4884-9D8F-A043E9C7F220}.Release|x64.ActiveCfg = Release|x64
		{078F94CA-CCC2-4884-9D8F-A043E9C7F220}.Release|x64.Build.0 = Release|x64
		{1E4D3C7D-5C51-4559-8FEA-503A6084945C}.Debug|x64.ActiveCfg = Debug|x64
		{1E4D3C7D-5C51-4559-8FEA-503A6084945C}.Debug|x64.Build.0 = Debug|x64
		{1E4D3C7D-5C51-4559-8FEA-503A6084945C}.Release|x64.ActiveCfg = Release|x64
		{1E4D3C7D-5C51-4559-8FEA-503A6084945C}.Release|x64.Build.0 = Release|x64
		{43611232-C62F-4EBA-A8BE-F003377ACED5}.Debug|x64.ActiveCfg = Debug|x64
		{43611232-C62F-4EBA-A8BE-F003377ACED5}.Debug|x64.Build.0 = Debug|x64
		{43611232-C62F-4EBA-A8BE-F003377ACED5}.Release|x64.ActiveCfg = Release|x64
		{43611232-C62F-4EBA-A8BE-F003377ACED5}.Release|x64.Build.0 = Release|x64
		{3396C11E-3EE3-4C3E-8841-65A2110EE465}.Debug|x64.ActiveCfg = Debug|x64
		{3396C11E-3EE3-4C3E-8841-65A2110EE465}.Debug|x64.Build.0 = Debug|x64
		{3396C11E-3EE3-4C3E-8841-65A2110EE465}.Release|x64.ActiveCfg = Release|x64
		{3396C11E-3EE3-4C3E-8841-65A2110EE465}.Release|x64.Build.0 = Release|x64
		{ACBEE6A4-28C0-4F0A-B2DD-594296C8E513}.Debug|x64.ActiveCfg = Debug|x64
		{ACBEE6A4-28C0-4F0A-B2DD-594296C8E513}.Debug|x64.Build.0 = Debug|x64
		{ACBEE6A4-28C0-4F0A-B2DD-594296C8E513}.Release|x64.ActiveCfg = Release|x64
		{ACBEE6A4-28C0-4F0A-B2DD-594296C8E513}.Release|x64.Build.0 = Release|x64
		{368609FC-CF8B-4B1A-A368-7DDA6429F154}.Debug|x64.ActiveCfg = Debug|x64
		{368609FC-CF8B-4B1A-A368-7DDA6429F154}.Debug|x64.Build.0 = Debug|x64
		{368609FC-CF8B-4B1A-A368-7DDA6429F154}.Release|x64.ActiveCfg = Release|x64
		{368609FC-CF8B-4B1A-A368-7DDA6429F154}.Release|x64.Build.0 = Release|x64
	EndGlobalSection
	GlobalSection(SolutionProperties) = preSolution
		HideSolutionNode = FALSE
	EndGlobalSection
	GlobalSection(ExtensibilityGlobals) = postSolution
		SolutionGuid = {DCBEB4CE-FF3C-4798-A483-47DA09893D12}
	EndGlobalSection
EndGlobal
