
Microsoft Visual Studio Solution File, Format Version 12.00
# Visual Studio Version 16
VisualStudioVersion = 16.0.33328.57
MinimumVisualStudioVersion = 10.0.40219.1
Project("{FAE04EC0-301F-11D3-BF4B-00C04F79EFBC}") = "DrawSeparations", "DrawSeparations.csproj", "{1653c796-99b6-40c6-947e-3333e8e6b090}"
EndProject
Global
	GlobalSection(SolutionConfigurationPlatforms) = preSolution
		Debug|x64 = Debug|x64
		Release|x64 = Release|x64
	EndGlobalSection
	GlobalSection(ProjectConfigurationPlatforms) = postSolution
		{1653c796-99b6-40c6-947e-3333e8e6b090}.Debug|x64.ActiveCfg = Debug|x64
		{1653c796-99b6-40c6-947e-3333e8e6b090}.Debug|x64.Build.0 = Debug|x64
		{1653c796-99b6-40c6-947e-3333e8e6b090}.Release|x64.ActiveCfg = Release|x64
		{1653c796-99b6-40c6-947e-3333e8e6b090}.Release|x64.Build.0 = Release|x64
	EndGlobalSection
	GlobalSection(SolutionProperties) = preSolution
		HideSolutionNode = FALSE
	EndGlobalSection
	GlobalSection(ExtensibilityGlobals) = postSolution
		SolutionGuid = {CEA60573-4A7F-49A3-8EC5-6DCC54E2E30B}
	EndGlobalSection
EndGlobal
