
Microsoft Visual Studio Solution File, Format Version 12.00
# Visual Studio 2013
VisualStudioVersion = 12.0.40629.0
MinimumVisualStudioVersion = 10.0.40219.1
Project("{FAE04EC0-301F-11D3-BF4B-00C04F79EFBC}") = "ZUGFeRDConverter", "ZUGFeRDConverter.csproj", "{6E7363CC-D687-43A0-A6F6-7E408B06446B}"
EndProject
Global
	GlobalSection(SolutionConfigurationPlatforms) = preSolution
		Debug|x64 = Debug|x64
		Release|x64 = Release|x64
	EndGlobalSection
	GlobalSection(ProjectConfigurationPlatforms) = postSolution
		{6E7363CC-D687-43A0-A6F6-7E408B06446B}.Debug|x64.ActiveCfg = Debug|x64
		{6E7363CC-D687-43A0-A6F6-7E408B06446B}.Debug|x64.Build.0 = Debug|x64
		{6E7363CC-D687-43A0-A6F6-7E408B06446B}.Release|x64.ActiveCfg = Release|x64
		{6E7363CC-D687-43A0-A6F6-7E408B06446B}.Release|x64.Build.0 = Release|x64
	EndGlobalSection
	GlobalSection(SolutionProperties) = preSolution
		HideSolutionNode = FALSE
	EndGlobalSection
EndGlobal
