
Microsoft Visual Studio Solution File, Format Version 12.00
# Visual Studio Version 16
VisualStudioVersion = 16.0.33328.57
MinimumVisualStudioVersion = 10.0.40219.1
Project("{FAE04EC0-301F-11D3-BF4B-00C04F79EFBC}") = "DisplayPDF", "DisplayPDF.csproj", "{02a72b29-33c8-4be7-a577-9688439a710d}"
EndProject
Global
	GlobalSection(SolutionConfigurationPlatforms) = preSolution
		Debug|x64 = Debug|x64
		Release|x64 = Release|x64
	EndGlobalSection
	GlobalSection(ProjectConfigurationPlatforms) = postSolution
		{02a72b29-33c8-4be7-a577-9688439a710d}.Debug|x64.ActiveCfg = Debug|x64
		{02a72b29-33c8-4be7-a577-9688439a710d}.Debug|x64.Build.0 = Debug|x64
		{02a72b29-33c8-4be7-a577-9688439a710d}.Release|x64.ActiveCfg = Release|x64
		{02a72b29-33c8-4be7-a577-9688439a710d}.Release|x64.Build.0 = Release|x64
	EndGlobalSection
	GlobalSection(SolutionProperties) = preSolution
		HideSolutionNode = FALSE
	EndGlobalSection
	GlobalSection(ExtensibilityGlobals) = postSolution
		SolutionGuid = {CEA60573-4A7F-49A3-8EC5-6DCC54E2E30B}
	EndGlobalSection
EndGlobal
