
Microsoft Visual Studio Solution File, Format Version 12.00
# Visual Studio 2013
VisualStudioVersion = 12.0.40629.0
MinimumVisualStudioVersion = 10.0.40219.1
Project("{FAE04EC0-301F-11D3-BF4B-00C04F79EFBC}") = "PDFXConverter", "PDFXConverter.csproj", "{AC0B6462-750A-4DF6-BB63-29878969670D}"
EndProject
Global
	GlobalSection(SolutionConfigurationPlatforms) = preSolution
		Debug|x86 = Debug|x86
		Release|x86 = Release|x86
	EndGlobalSection
	GlobalSection(ProjectConfigurationPlatforms) = postSolution
		{AC0B6462-750A-4DF6-BB63-29878969670D}.Debug|x86.ActiveCfg = Debug|x86
		{AC0B6462-750A-4DF6-BB63-29878969670D}.Debug|x86.Build.0 = Debug|x86
		{AC0B6462-750A-4DF6-BB63-29878969670D}.Release|x86.ActiveCfg = Release|x86
		{AC0B6462-750A-4DF6-BB63-29878969670D}.Release|x86.Build.0 = Release|x86
	EndGlobalSection
	GlobalSection(SolutionProperties) = preSolution
		HideSolutionNode = FALSE
	EndGlobalSection
EndGlobal
