
Microsoft Visual Studio Solution File, Format Version 12.00
# Visual Studio 2013
VisualStudioVersion = 12.0.40629.0
MinimumVisualStudioVersion = 10.0.40219.1
Project("{FAE04EC0-301F-11D3-BF4B-00C04F79EFBC}") = "ImageSoftMask", "ImageSoftMask.csproj", "{F8D69741-DBD7-4413-B348-F17DF5DC7184}"
EndProject
Global
	GlobalSection(SolutionConfigurationPlatforms) = preSolution
		Debug|x86 = Debug|x86
		Release|x86 = Release|x86
	EndGlobalSection
	GlobalSection(ProjectConfigurationPlatforms) = postSolution
		{F8D69741-DBD7-4413-B348-F17DF5DC7184}.Debug|x86.ActiveCfg = Debug|x86
		{F8D69741-DBD7-4413-B348-F17DF5DC7184}.Debug|x86.Build.0 = Debug|x86
		{F8D69741-DBD7-4413-B348-F17DF5DC7184}.Release|x86.ActiveCfg = Release|x86
		{F8D69741-DBD7-4413-B348-F17DF5DC7184}.Release|x86.Build.0 = Release|x86
	EndGlobalSection
	GlobalSection(SolutionProperties) = preSolution
		HideSolutionNode = FALSE
	EndGlobalSection
EndGlobal
