
Microsoft Visual Studio Solution File, Format Version 12.00
# Visual Studio 2013
VisualStudioVersion = 12.0.40629.0
MinimumVisualStudioVersion = 10.0.40219.1
Project("{FAE04EC0-301F-11D3-BF4B-00C04F79EFBC}") = "ChangeLayerConfiguration", "ChangeLayerConfiguration.csproj", "{C5493EAE-45F6-4502-9D26-5BFEC574729F}"
EndProject
Global
	GlobalSection(SolutionConfigurationPlatforms) = preSolution
		Debug|x86 = Debug|x86
		Release|x86 = Release|x86
	EndGlobalSection
	GlobalSection(ProjectConfigurationPlatforms) = postSolution
		{C5493EAE-45F6-4502-9D26-5BFEC574729F}.Debug|x86.ActiveCfg = Debug|x86
		{C5493EAE-45F6-4502-9D26-5BFEC574729F}.Debug|x86.Build.0 = Debug|x86
		{C5493EAE-45F6-4502-9D26-5BFEC574729F}.Release|x86.ActiveCfg = Release|x86
		{C5493EAE-45F6-4502-9D26-5BFEC574729F}.Release|x86.Build.0 = Release|x86
	EndGlobalSection
	GlobalSection(SolutionProperties) = preSolution
		HideSolutionNode = FALSE
	EndGlobalSection
EndGlobal
