
Microsoft Visual Studio Solution File, Format Version 12.00
# Visual Studio Version 16
VisualStudioVersion = 16.0.30204.135
MinimumVisualStudioVersion = 10.0.40219.1
Project("{FAE04EC0-301F-11D3-BF4B-00C04F79EFBC}") = "WriteNChannelTiff", "WriteNChannelTiff.csproj", "{7BF19FA4-5C73-497A-84D8-F9BB5800C7CD}"
EndProject
Global
	GlobalSection(SolutionConfigurationPlatforms) = preSolution
		Debug|x64 = Debug|x64
		Release|x64 = Release|x64
	EndGlobalSection
	GlobalSection(ProjectConfigurationPlatforms) = postSolution
		{7BF19FA4-5C73-497A-84D8-F9BB5800C7CD}.Debug|x64.ActiveCfg = Debug|x64
		{7BF19FA4-5C73-497A-84D8-F9BB5800C7CD}.Debug|x64.Build.0 = Debug|x64
		{7BF19FA4-5C73-497A-84D8-F9BB5800C7CD}.Release|x64.ActiveCfg = Release|x64
		{7BF19FA4-5C73-497A-84D8-F9BB5800C7CD}.Release|x64.Build.0 = Release|x64
	EndGlobalSection
	GlobalSection(SolutionProperties) = preSolution
		HideSolutionNode = FALSE
	EndGlobalSection
	GlobalSection(ExtensibilityGlobals) = postSolution
		SolutionGuid = {62820123-03C2-4D91-8840-5554DDFA0C14}
	EndGlobalSection
EndGlobal
