
Microsoft Visual Studio Solution File, Format Version 12.00
# Visual Studio Version 16
VisualStudioVersion = 16.0.33328.57
MinimumVisualStudioVersion = 10.0.40219.1
Project("{FAE04EC0-301F-11D3-BF4B-00C04F79EFBC}") = "MakeDocWithCalGrayColorSpace", "MakeDocWithCalGrayColorSpace.csproj", "{6d9cdbe3-17b7-4337-bd9d-daa378791244}"
EndProject
Global
	GlobalSection(SolutionConfigurationPlatforms) = preSolution
		Debug|x64 = Debug|x64
		Release|x64 = Release|x64
	EndGlobalSection
	GlobalSection(ProjectConfigurationPlatforms) = postSolution
		{6d9cdbe3-17b7-4337-bd9d-daa378791244}.Debug|x64.ActiveCfg = Debug|x64
		{6d9cdbe3-17b7-4337-bd9d-daa378791244}.Debug|x64.Build.0 = Debug|x64
		{6d9cdbe3-17b7-4337-bd9d-daa378791244}.Release|x64.ActiveCfg = Release|x64
		{6d9cdbe3-17b7-4337-bd9d-daa378791244}.Release|x64.Build.0 = Release|x64
	EndGlobalSection
	GlobalSection(SolutionProperties) = preSolution
		HideSolutionNode = FALSE
	EndGlobalSection
	GlobalSection(ExtensibilityGlobals) = postSolution
		SolutionGuid = {CEA60573-4A7F-49A3-8EC5-6DCC54E2E30B}
	EndGlobalSection
EndGlobal
